name: Renovate — re-derive Python lock files

# Renovate's pep621 manager cannot run `uv lock` on Mend-hosted Renovate (gated by
# allowedUnsafeExecutions), so it falls back to the pip_requirements manager which edits
# `requirements_lock.txt` in place. That edit alone is not authoritative — `uv.lock` is the
# resolution source of truth, and `requirements_lock.txt` is its `uv export` projection.
#
# This workflow ratifies Renovate's edits via uv:
#   1. `meta/scripts/ratify_renovate_proposals.py` extracts the proposed bumps from the
#      diff, runs `uv lock --upgrade-package <each>`, re-exports `requirements_lock.txt`,
#      and reports which (if any) proposed bumps uv refused to advance.
#   2. If the script's `conflicts` output is empty: commit `uv.lock` +
#      `requirements_lock.txt` via the composite action.
#   3. Otherwise: reset the working tree (we won't silently revert Renovate's edit) and
#      file a REQUEST_CHANGES review with the diagnosis. The review blocks merge until
#      dismissed; dismissal is the deliberate ack that the PR is unactionable (close it)
#      or that the conflicting constraint will be relaxed (push to the branch — the
#      workflow re-evaluates).
#
# Prior bot REQUEST_CHANGES reviews are dismissed after the new state lands (commit OR
# new review filed) so the PR's review status reflects the latest evaluation. Order is
# deliberate (commit/file first, then dismiss) so a partial workflow failure leaves the
# stale review intact rather than briefly clearing the gate.
#
# All the data-manipulation logic is in the Python script under tests
# (`//meta/scripts:test_ratify_renovate_proposals`). The workflow handles only the
# side-effecting steps that depend on Actions context — minting the app token, the GitHub
# API calls (review file + dismiss), and the composite action invocation for the commit.
#
# See docs/future-considerations.md "Auto-commit GitHub App" for the broader rationale.

on:
  pull_request:
    types: [opened, synchronize, reopened]
    branches: [main]
    paths:
      - "uv.lock"
      - "pyproject.toml"
      - "requirements_lock.txt"

permissions:
  contents: read

jobs:
  re-derive:
    name: Re-derive Python lock files
    if: github.actor == 'renovate[bot]'
    runs-on: ubuntu-latest
    steps:
      - uses: actions/checkout@v7
        with:
          ref: ${{ github.head_ref }}
          # Need the base ref reachable so the ratify script can diff against it.
          # Shallow checkout (the default) only fetches the head commit.
          fetch-depth: 0
          persist-credentials: false

      - uses: astral-sh/setup-uv@v8.2.0

      - name: Ratify Renovate's proposals via uv
        id: ratify
        env:
          BASE_REF: ${{ github.base_ref }}
        run: uv run python3 meta/scripts/ratify_renovate_proposals.py

      - uses: actions/create-github-app-token@v3
        id: app-token
        with:
          app-id: ${{ vars.RENOVATE_HELPER_APP_ID }}
          private-key: ${{ secrets.RENOVATE_HELPER_PRIVATE_KEY }}

      # ── Conflict path ────────────────────────────────────────────────────────────
      # File a REQUEST_CHANGES review with the diagnosis the script produced. The
      # working tree's partial uv resolution is intentionally left alone — the commit
      # step below is gated by `conflicts == ''`, and no later step reads the tree, so
      # the runner just discards it when the job ends.

      - name: File REQUEST_CHANGES review
        if: steps.ratify.outputs.conflicts != ''
        id: file-review
        env:
          GH_TOKEN: ${{ steps.app-token.outputs.token }}
          REPO: ${{ github.repository }}
          PR: ${{ github.event.pull_request.number }}
          HEAD_SHA: ${{ github.event.pull_request.head.sha }}
          CONFLICTS: ${{ steps.ratify.outputs.conflicts }}
        run: |
          set -euo pipefail
          BODY=$(cat <<EOF
          \`uv lock\` would not advance the following packages to the versions Renovate proposed:

          \`\`\`
          ${CONFLICTS}
          \`\`\`

          A workspace constraint is holding them at their current versions. Likely sources:
          - An explicit upper bound in \`pyproject.toml\` or a workspace member's \`pyproject.toml\`
          - A transitive constraint pinning the package below the proposed version
          - A platform marker excluding the proposed version

          Not committing the revert — that would silently erase Renovate's signal. Dismiss this review when ready: either close this PR (the bump is genuinely impossible) or relax the conflicting constraint and push to the branch (the workflow will re-evaluate).
          EOF
          )
          # Capture the new review's ID so the dismiss step below can exclude it from
          # the "prior reviews" set it dismisses.
          NEW_ID=$(gh api "repos/${REPO}/pulls/${PR}/reviews" \
            -f event=REQUEST_CHANGES \
            -f body="${BODY}" \
            -f commit_id="${HEAD_SHA}" \
            --jq '.id')
          echo "review-id=${NEW_ID}" >> "${GITHUB_OUTPUT}"

      # ── Success path ─────────────────────────────────────────────────────────────
      # Commit both files via the composite action; the action no-ops cleanly if neither
      # changed (e.g. a re-run on an already-honored PR).

      - name: Commit re-derived lock files
        if: steps.ratify.outputs.conflicts == ''
        uses: ./.github/actions/commit-file-via-app
        with:
          app-id: ${{ vars.RENOVATE_HELPER_APP_ID }}
          private-key: ${{ secrets.RENOVATE_HELPER_PRIVATE_KEY }}
          branch: ${{ github.head_ref }}
          file-paths: |
            uv.lock
            requirements_lock.txt
          commit-message: "chore(deps): re-derive uv.lock + requirements_lock.txt"

      # ── Dismiss prior bot reviews ───────────────────────────────────────────────
      # Runs after the success or conflict path so we never briefly clear the gate
      # before the new state is in place. The conflict path passes the just-filed
      # review ID via `file-review.outputs.review-id`; the filter excludes that ID so
      # we don't dismiss our own fresh review. In the success path the input is empty
      # and every active bot CHANGES_REQUESTED review is fair game.
      #
      # The bot login string is the same one tracked by `gitIgnoredAuthors` in
      # renovate.json; if the helper app is recreated, both values need to be updated
      # together (see docs/future-considerations.md "Auto-commit GitHub App").

      - name: Dismiss prior bot CHANGES_REQUESTED reviews
        env:
          GH_TOKEN: ${{ steps.app-token.outputs.token }}
          REPO: ${{ github.repository }}
          PR: ${{ github.event.pull_request.number }}
          EXCLUDE_ID: ${{ steps.file-review.outputs.review-id }}
          DISMISS_MESSAGE: ${{ steps.ratify.outputs.conflicts == '' && 'Resolved by fresh evaluation.' || 'Superseded by fresh evaluation.' }}
        run: |
          set -euo pipefail
          BASE_FILTER='.user.login == "unnatural-designs-renovate-helper[bot]" and .state == "CHANGES_REQUESTED"'
          if [ -n "${EXCLUDE_ID}" ]; then
            JQ_FILTER=".[] | select(${BASE_FILTER} and .id != ${EXCLUDE_ID}) | .id"
          else
            JQ_FILTER=".[] | select(${BASE_FILTER}) | .id"
          fi
          REVIEWS=$(gh api "repos/${REPO}/pulls/${PR}/reviews" --jq "${JQ_FILTER}")
          while IFS= read -r review_id; do
            [ -z "${review_id}" ] && continue
            gh api -X PUT \
              "repos/${REPO}/pulls/${PR}/reviews/${review_id}/dismissals" \
              -f message="${DISMISS_MESSAGE}" \
              -f event=DISMISS
          done <<< "${REVIEWS}"
